
Microsoft Visual Studio Solution File, Format Version 12.00
# Visual Studio Version 17
VisualStudioVersion = 17.5.33516.290
MinimumVisualStudioVersion = 10.0.40219.1
Project("{FAE04EC0-301F-11D3-BF4B-00C04F79EFBC}") = "EduHome", "EduHome.csproj", "{B9008F75-91CF-459D-AF66-56C9932FE089}"
EndProject
Global
	GlobalSection(SolutionConfigurationPlatforms) = preSolution
		Debug|Any CPU = Debug|Any CPU
		Release|Any CPU = Release|Any CPU
	EndGlobalSection
	GlobalSection(ProjectConfigurationPlatforms) = postSolution
		{B9008F75-91CF-459D-AF66-56C9932FE089}.Debug|Any CPU.ActiveCfg = Debug|Any CPU
		{B9008F75-91CF-459D-AF66-56C9932FE089}.Debug|Any CPU.Build.0 = Debug|Any CPU
		{B9008F75-91CF-459D-AF66-56C9932FE089}.Release|Any CPU.ActiveCfg = Release|Any CPU
		{B9008F75-91CF-459D-AF66-56C9932FE089}.Release|Any CPU.Build.0 = Release|Any CPU
	EndGlobalSection
	GlobalSection(SolutionProperties) = preSolution
		HideSolutionNode = FALSE
	EndGlobalSection
	GlobalSection(ExtensibilityGlobals) = postSolution
		SolutionGuid = {1451CC19-1823-4D5B-B39B-8C5E2D624398}
	EndGlobalSection
EndGlobal
